
Microsoft Visual Studio Solution File, Format Version 12.00
# Visual Studio Version 17
VisualStudioVersion = 17.7.34221.43
MinimumVisualStudioVersion = 10.0.40219.1
Project("{FAE04EC0-301F-11D3-BF4B-00C04F79EFBC}") = "GestaoLivros", "GestaoLivros.csproj", "{DCEE893C-E5D6-4618-87F9-F5CC04C9EF43}"
EndProject
Global
	GlobalSection(SolutionConfigurationPlatforms) = preSolution
		Debug|Any CPU = Debug|Any CPU
		Release|Any CPU = Release|Any CPU
	EndGlobalSection
	GlobalSection(ProjectConfigurationPlatforms) = postSolution
		{DCEE893C-E5D6-4618-87F9-F5CC04C9EF43}.Debug|Any CPU.ActiveCfg = Debug|Any CPU
		{DCEE893C-E5D6-4618-87F9-F5CC04C9EF43}.Debug|Any CPU.Build.0 = Debug|Any CPU
		{DCEE893C-E5D6-4618-87F9-F5CC04C9EF43}.Release|Any CPU.ActiveCfg = Release|Any CPU
		{DCEE893C-E5D6-4618-87F9-F5CC04C9EF43}.Release|Any CPU.Build.0 = Release|Any CPU
	EndGlobalSection
	GlobalSection(SolutionProperties) = preSolution
		HideSolutionNode = FALSE
	EndGlobalSection
	GlobalSection(ExtensibilityGlobals) = postSolution
		SolutionGuid = {6E485ECF-452C-4C30-ACCB-76C3BFFCE846}
	EndGlobalSection
EndGlobal
